
Microsoft Visual Studio Solution File, Format Version 12.00
# Visual Studio Version 16
VisualStudioVersion = 16.0.32901.82
MinimumVisualStudioVersion = 10.0.40219.1
Project("{FAE04EC0-301F-11D3-BF4B-00C04F79EFBC}") = "Lab17-18", "Lab17-18\Lab17-18.csproj", "{09276347-0E41-49B3-9B49-DE76149D1CBE}"
EndProject
Global
	GlobalSection(SolutionConfigurationPlatforms) = preSolution
		Debug|Any CPU = Debug|Any CPU
		Release|Any CPU = Release|Any CPU
	EndGlobalSection
	GlobalSection(ProjectConfigurationPlatforms) = postSolution
		{09276347-0E41-49B3-9B49-DE76149D1CBE}.Debug|Any CPU.ActiveCfg = Debug|Any CPU
		{09276347-0E41-49B3-9B49-DE76149D1CBE}.Debug|Any CPU.Build.0 = Debug|Any CPU
		{09276347-0E41-49B3-9B49-DE76149D1CBE}.Release|Any CPU.ActiveCfg = Release|Any CPU
		{09276347-0E41-49B3-9B49-DE76149D1CBE}.Release|Any CPU.Build.0 = Release|Any CPU
	EndGlobalSection
	GlobalSection(SolutionProperties) = preSolution
		HideSolutionNode = FALSE
	EndGlobalSection
	GlobalSection(ExtensibilityGlobals) = postSolution
		SolutionGuid = {905021AE-3DB1-4798-BA1E-0F58B47B16B2}
	EndGlobalSection
EndGlobal
