
Microsoft Visual Studio Solution File, Format Version 12.00
# Visual Studio Version 17
VisualStudioVersion = 17.3.32922.545
MinimumVisualStudioVersion = 10.0.40219.1
Project("{FAE04EC0-301F-11D3-BF4B-00C04F79EFBC}") = "Control_Work2", "Control_Work2.csproj", "{037648BB-7366-4CA6-8B82-CCBC2C337952}"
EndProject
Global
	GlobalSection(SolutionConfigurationPlatforms) = preSolution
		Debug|Any CPU = Debug|Any CPU
		Release|Any CPU = Release|Any CPU
	EndGlobalSection
	GlobalSection(ProjectConfigurationPlatforms) = postSolution
		{037648BB-7366-4CA6-8B82-CCBC2C337952}.Debug|Any CPU.ActiveCfg = Debug|Any CPU
		{037648BB-7366-4CA6-8B82-CCBC2C337952}.Debug|Any CPU.Build.0 = Debug|Any CPU
		{037648BB-7366-4CA6-8B82-CCBC2C337952}.Release|Any CPU.ActiveCfg = Release|Any CPU
		{037648BB-7366-4CA6-8B82-CCBC2C337952}.Release|Any CPU.Build.0 = Release|Any CPU
	EndGlobalSection
	GlobalSection(SolutionProperties) = preSolution
		HideSolutionNode = FALSE
	EndGlobalSection
	GlobalSection(ExtensibilityGlobals) = postSolution
		SolutionGuid = {98DF07A3-B8FF-41E5-83E0-323A1AC0321E}
	EndGlobalSection
EndGlobal
